{
  "name": "www-2025",
  "lockfileVersion": 3,
  "requires": true,
  "packages": {},

  "editor.formatOnSave": true,
  "editor.defaultFormatter": "esbenp.prettier-vscode",
  "[javascript]": {
    "editor.defaultFormatter": "esbenp.prettier-vscode"
  },
  "[html]": {
    "editor.defaultFormatter": "esbenp.prettier-vscode"
  },
  "[python]": {
    "editor.defaultFormatter": "ms-python.autopep8"
  }
}
